
Microsoft Visual Studio Solution File, Format Version 12.00
# Visual Studio Version 16
VisualStudioVersion = 16.0.29209.62
MinimumVisualStudioVersion = 10.0.40219.1
Project("{FAE04EC0-301F-11D3-BF4B-00C04F79EFBC}") = "Mvc5_Angular7Crud", "Mvc5_Angular7Crud\Mvc5_Angular7Crud.csproj", "{920F4C0C-BC06-4FC6-8E7F-2D7B26F51D5D}"
EndProject
Global
	GlobalSection(SolutionConfigurationPlatforms) = preSolution
		Debug|Any CPU = Debug|Any CPU
		Release|Any CPU = Release|Any CPU
	EndGlobalSection
	GlobalSection(ProjectConfigurationPlatforms) = postSolution
		{920F4C0C-BC06-4FC6-8E7F-2D7B26F51D5D}.Debug|Any CPU.ActiveCfg = Debug|Any CPU
		{920F4C0C-BC06-4FC6-8E7F-2D7B26F51D5D}.Debug|Any CPU.Build.0 = Debug|Any CPU
		{920F4C0C-BC06-4FC6-8E7F-2D7B26F51D5D}.Release|Any CPU.ActiveCfg = Release|Any CPU
		{920F4C0C-BC06-4FC6-8E7F-2D7B26F51D5D}.Release|Any CPU.Build.0 = Release|Any CPU
	EndGlobalSection
	GlobalSection(SolutionProperties) = preSolution
		HideSolutionNode = FALSE
	EndGlobalSection
	GlobalSection(ExtensibilityGlobals) = postSolution
		SolutionGuid = {CFB9D0C2-6CB4-4904-8A18-8C907F91F31F}
	EndGlobalSection
EndGlobal
